// !$*UTF8*$!
{
	archiveVersion = 1;
	classes = {
	};
	objectVersion = 46;
	objects = {

/* Begin PBXBuildFile section */
		01183EAC18834394001B22B4 /* Foundation.framework in Frameworks */ = {isa = PBXBuildFile; fileRef = 01183EAB18834394001B22B4 /* Foundation.framework */; };
		01183EAE18834394001B22B4 /* CoreGraphics.framework in Frameworks */ = {isa = PBXBuildFile; fileRef = 01183EAD18834394001B22B4 /* CoreGraphics.framework */; };
		01183EB018834394001B22B4 /* UIKit.framework in Frameworks */ = {isa = PBXBuildFile; fileRef = 01183EAF18834394001B22B4 /* UIKit.framework */; };
		01183EB618834394001B22B4 /* InfoPlist.strings in Resources */ = {isa = PBXBuildFile; fileRef = 01183EB418834394001B22B4 /* InfoPlist.strings */; };
		01183EB818834394001B22B4 /* main.m in Sources */ = {isa = PBXBuildFile; fileRef = 01183EB718834394001B22B4 /* main.m */; };
		01183EBC18834394001B22B4 /* AppDelegate.m in Sources */ = {isa = PBXBuildFile; fileRef = 01183EBB18834394001B22B4 /* AppDelegate.m */; };
		01183EBF18834394001B22B4 /* Main.storyboard in Resources */ = {isa = PBXBuildFile; fileRef = 01183EBD18834394001B22B4 /* Main.storyboard */; };
		01183EC218834394001B22B4 /* PubListViewController.m in Sources */ = {isa = PBXBuildFile; fileRef = 01183EC118834394001B22B4 /* PubListViewController.m */; };
		01183EC518834394001B22B4 /* PubMapViewController.m in Sources */ = {isa = PBXBuildFile; fileRef = 01183EC418834394001B22B4 /* PubMapViewController.m */; };
		01183EC718834394001B22B4 /* Images.xcassets in Resources */ = {isa = PBXBuildFile; fileRef = 01183EC618834394001B22B4 /* Images.xcassets */; };
		01183ECE18834394001B22B4 /* XCTest.framework in Frameworks */ = {isa = PBXBuildFile; fileRef = 01183ECD18834394001B22B4 /* XCTest.framework */; };
		01183ECF18834394001B22B4 /* Foundation.framework in Frameworks */ = {isa = PBXBuildFile; fileRef = 01183EAB18834394001B22B4 /* Foundation.framework */; };
		01183ED018834394001B22B4 /* UIKit.framework in Frameworks */ = {isa = PBXBuildFile; fileRef = 01183EAF18834394001B22B4 /* UIKit.framework */; };
		01183ED818834394001B22B4 /* InfoPlist.strings in Resources */ = {isa = PBXBuildFile; fileRef = 01183ED618834394001B22B4 /* InfoPlist.strings */; };
		01183EDA18834394001B22B4 /* SlurFishTests.m in Sources */ = {isa = PBXBuildFile; fileRef = 01183ED918834394001B22B4 /* SlurFishTests.m */; };
		01183F0B18834DA8001B22B4 /* LocationProvider.m in Sources */ = {isa = PBXBuildFile; fileRef = 01183F0A18834DA8001B22B4 /* LocationProvider.m */; };
		01183F0D18834F3B001B22B4 /* CoreLocation.framework in Frameworks */ = {isa = PBXBuildFile; fileRef = 01183F0C18834F3B001B22B4 /* CoreLocation.framework */; };
		01183F12188369AC001B22B4 /* PubRepository.m in Sources */ = {isa = PBXBuildFile; fileRef = 01183F11188369AC001B22B4 /* PubRepository.m */; };
		01183F3318837290001B22B4 /* PubService.m in Sources */ = {isa = PBXBuildFile; fileRef = 01183F3218837290001B22B4 /* PubService.m */; };
		01183F3A18838F65001B22B4 /* Pub.m in Sources */ = {isa = PBXBuildFile; fileRef = 01183F3918838F65001B22B4 /* Pub.m */; };
		01183F3C18839FAA001B22B4 /* MapKit.framework in Frameworks */ = {isa = PBXBuildFile; fileRef = 01183F3B18839FAA001B22B4 /* MapKit.framework */; };
		011D71AC188B25F7009323CB /* SearchRadiusViewController.m in Sources */ = {isa = PBXBuildFile; fileRef = 011D71AB188B25F7009323CB /* SearchRadiusViewController.m */; };
		013F48E618B1D9F80083EE01 /* UIColor+SlurFish.m in Sources */ = {isa = PBXBuildFile; fileRef = 013F48E518B1D9F80083EE01 /* UIColor+SlurFish.m */; };
		013F48E818B1E48B0083EE01 /* backbutton.png in Resources */ = {isa = PBXBuildFile; fileRef = 013F48E718B1E48B0083EE01 /* backbutton.png */; };
		013F48EA18B1E7620083EE01 /* refreshbutton.png in Resources */ = {isa = PBXBuildFile; fileRef = 013F48E918B1E7620083EE01 /* refreshbutton.png */; };
		013F48F418B1F0990083EE01 /* SlurfishIcon_120.png in Resources */ = {isa = PBXBuildFile; fileRef = 013F48F318B1F0990083EE01 /* SlurfishIcon_120.png */; };
		013F48F618B1F1D20083EE01 /* SlurfishIcon_80.png in Resources */ = {isa = PBXBuildFile; fileRef = 013F48F518B1F1D20083EE01 /* SlurfishIcon_80.png */; };
		013F48F818B1F20D0083EE01 /* SlurfishIcon_58.png in Resources */ = {isa = PBXBuildFile; fileRef = 013F48F718B1F20D0083EE01 /* SlurfishIcon_58.png */; };
		0162BBBE188A23B600479DF1 /* ConfigurationManager.m in Sources */ = {isa = PBXBuildFile; fileRef = 0162BBBD188A23B600479DF1 /* ConfigurationManager.m */; };
		0165C89D18B456A400B2AD73 /* libTestFlight.a in Frameworks */ = {isa = PBXBuildFile; fileRef = 0165C89918B456A400B2AD73 /* libTestFlight.a */; };
		0165C89F18B456D600B2AD73 /* libz.dylib in Frameworks */ = {isa = PBXBuildFile; fileRef = 0165C89E18B456D600B2AD73 /* libz.dylib */; };
		01673F9818A5DFFD0031659F /* Configuration.plist in Resources */ = {isa = PBXBuildFile; fileRef = 01673F9718A5DFFD0031659F /* Configuration.plist */; };
		01673F9C18A5E3110031659F /* SFPubMapOverlay.m in Sources */ = {isa = PBXBuildFile; fileRef = 01673F9B18A5E3110031659F /* SFPubMapOverlay.m */; };
		01673F9F18A5E9A80031659F /* SFPubLocation.m in Sources */ = {isa = PBXBuildFile; fileRef = 01673F9E18A5E9A80031659F /* SFPubLocation.m */; };
		01673FA318A5F5930031659F /* SFPubAnnotation.m in Sources */ = {isa = PBXBuildFile; fileRef = 01673FA218A5F5930031659F /* SFPubAnnotation.m */; };
		01A6C54018B193F2008E024C /* NSNumber+SFMileConverstions.m in Sources */ = {isa = PBXBuildFile; fileRef = 01A6C53F18B193F2008E024C /* NSNumber+SFMileConverstions.m */; };
		01A6C54218B1A016008E024C /* PubMapAnnotation.png in Resources */ = {isa = PBXBuildFile; fileRef = 01A6C54118B1A016008E024C /* PubMapAnnotation.png */; };
		01A6C54718B1C09B008E024C /* SlurFishSplash.png in Resources */ = {isa = PBXBuildFile; fileRef = 01A6C54618B1C09B008E024C /* SlurFishSplash.png */; };
		01FB56E918B290B500DE70BD /* phone.png in Resources */ = {isa = PBXBuildFile; fileRef = 01FB56E818B290B500DE70BD /* phone.png */; };
		01FB56EC18B298E300DE70BD /* SFPopOverViewController.m in Sources */ = {isa = PBXBuildFile; fileRef = 01FB56EB18B298E300DE70BD /* SFPopOverViewController.m */; };
		01FB56EE18B2A7B200DE70BD /* directions.png in Resources */ = {isa = PBXBuildFile; fileRef = 01FB56ED18B2A7B200DE70BD /* directions.png */; };
		D72CAB3931674E758F6F52DC /* libPods-SlurFishTests.a in Frameworks */ = {isa = PBXBuildFile; fileRef = 91398F5448424BD09F622870 /* libPods-SlurFishTests.a */; };
		FDD6BF7ECCFA403589E80259 /* libPods.a in Frameworks */ = {isa = PBXBuildFile; fileRef = 2C386944D3CA4B998D0AFEDA /* libPods.a */; };
/* End PBXBuildFile section */

/* Begin PBXContainerItemProxy section */
		01183ED118834394001B22B4 /* PBXContainerItemProxy */ = {
			isa = PBXContainerItemProxy;
			containerPortal = 01183EA018834394001B22B4 /* Project object */;
			proxyType = 1;
			remoteGlobalIDString = 01183EA718834394001B22B4;
			remoteInfo = SlurFish;
		};
/* End PBXContainerItemProxy section */

/* Begin PBXFileReference section */
		01183EA818834394001B22B4 /* SlurFish.app */ = {isa = PBXFileReference; explicitFileType = wrapper.application; includeInIndex = 0; path = SlurFish.app; sourceTree = BUILT_PRODUCTS_DIR; };
		01183EAB18834394001B22B4 /* Foundation.framework */ = {isa = PBXFileReference; lastKnownFileType = wrapper.framework; name = Foundation.framework; path = System/Library/Frameworks/Foundation.framework; sourceTree = SDKROOT; };
		01183EAD18834394001B22B4 /* CoreGraphics.framework */ = {isa = PBXFileReference; lastKnownFileType = wrapper.framework; name = CoreGraphics.framework; path = System/Library/Frameworks/CoreGraphics.framework; sourceTree = SDKROOT; };
		01183EAF18834394001B22B4 /* UIKit.framework */ = {isa = PBXFileReference; lastKnownFileType = wrapper.framework; name = UIKit.framework; path = System/Library/Frameworks/UIKit.framework; sourceTree = SDKROOT; };
		01183EB318834394001B22B4 /* SlurFish-Info.plist */ = {isa = PBXFileReference; lastKnownFileType = text.plist.xml; path = "SlurFish-Info.plist"; sourceTree = "<group>"; };
		01183EB518834394001B22B4 /* en */ = {isa = PBXFileReference; lastKnownFileType = text.plist.strings; name = en; path = en.lproj/InfoPlist.strings; sourceTree = "<group>"; };
		01183EB718834394001B22B4 /* main.m */ = {isa = PBXFileReference; lastKnownFileType = sourcecode.c.objc; path = main.m; sourceTree = "<group>"; };
		01183EB918834394001B22B4 /* SlurFish-Prefix.pch */ = {isa = PBXFileReference; lastKnownFileType = sourcecode.c.h; path = "SlurFish-Prefix.pch"; sourceTree = "<group>"; };
		01183EBA18834394001B22B4 /* AppDelegate.h */ = {isa = PBXFileReference; lastKnownFileType = sourcecode.c.h; path = AppDelegate.h; sourceTree = "<group>"; };
		01183EBB18834394001B22B4 /* AppDelegate.m */ = {isa = PBXFileReference; lastKnownFileType = sourcecode.c.objc; path = AppDelegate.m; sourceTree = "<group>"; };
		01183EBE18834394001B22B4 /* Base */ = {isa = PBXFileReference; lastKnownFileType = file.storyboard; name = Base; path = Base.lproj/Main.storyboard; sourceTree = "<group>"; };
		01183EC018834394001B22B4 /* PubListViewController.h */ = {isa = PBXFileReference; lastKnownFileType = sourcecode.c.h; path = PubListViewController.h; sourceTree = "<group>"; };
		01183EC118834394001B22B4 /* PubListViewController.m */ = {isa = PBXFileReference; lastKnownFileType = sourcecode.c.objc; path = PubListViewController.m; sourceTree = "<group>"; };
		01183EC318834394001B22B4 /* PubMapViewController.h */ = {isa = PBXFileReference; lastKnownFileType = sourcecode.c.h; path = PubMapViewController.h; sourceTree = "<group>"; };
		01183EC418834394001B22B4 /* PubMapViewController.m */ = {isa = PBXFileReference; lastKnownFileType = sourcecode.c.objc; path = PubMapViewController.m; sourceTree = "<group>"; };
		01183EC618834394001B22B4 /* Images.xcassets */ = {isa = PBXFileReference; lastKnownFileType = folder.assetcatalog; path = Images.xcassets; sourceTree = "<group>"; };
		01183ECC18834394001B22B4 /* SlurFishTests.xctest */ = {isa = PBXFileReference; explicitFileType = wrapper.cfbundle; includeInIndex = 0; path = SlurFishTests.xctest; sourceTree = BUILT_PRODUCTS_DIR; };
		01183ECD18834394001B22B4 /* XCTest.framework */ = {isa = PBXFileReference; lastKnownFileType = wrapper.framework; name = XCTest.framework; path = Library/Frameworks/XCTest.framework; sourceTree = DEVELOPER_DIR; };
		01183ED518834394001B22B4 /* SlurFishTests-Info.plist */ = {isa = PBXFileReference; lastKnownFileType = text.plist.xml; path = "SlurFishTests-Info.plist"; sourceTree = "<group>"; };
		01183ED718834394001B22B4 /* en */ = {isa = PBXFileReference; lastKnownFileType = text.plist.strings; name = en; path = en.lproj/InfoPlist.strings; sourceTree = "<group>"; };
		01183ED918834394001B22B4 /* SlurFishTests.m */ = {isa = PBXFileReference; lastKnownFileType = sourcecode.c.objc; path = SlurFishTests.m; sourceTree = "<group>"; };
		01183F0918834DA8001B22B4 /* LocationProvider.h */ = {isa = PBXFileReference; fileEncoding = 4; lastKnownFileType = sourcecode.c.h; path = LocationProvider.h; sourceTree = "<group>"; };
		01183F0A18834DA8001B22B4 /* LocationProvider.m */ = {isa = PBXFileReference; fileEncoding = 4; lastKnownFileType = sourcecode.c.objc; path = LocationProvider.m; sourceTree = "<group>"; };
		01183F0C18834F3B001B22B4 /* CoreLocation.framework */ = {isa = PBXFileReference; lastKnownFileType = wrapper.framework; name = CoreLocation.framework; path = System/Library/Frameworks/CoreLocation.framework; sourceTree = SDKROOT; };
		01183F10188369AC001B22B4 /* PubRepository.h */ = {isa = PBXFileReference; fileEncoding = 4; lastKnownFileType = sourcecode.c.h; path = PubRepository.h; sourceTree = "<group>"; };
		01183F11188369AC001B22B4 /* PubRepository.m */ = {isa = PBXFileReference; fileEncoding = 4; lastKnownFileType = sourcecode.c.objc; path = PubRepository.m; sourceTree = "<group>"; };
		01183F3118837290001B22B4 /* PubService.h */ = {isa = PBXFileReference; fileEncoding = 4; lastKnownFileType = sourcecode.c.h; path = PubService.h; sourceTree = "<group>"; };
		01183F3218837290001B22B4 /* PubService.m */ = {isa = PBXFileReference; fileEncoding = 4; lastKnownFileType = sourcecode.c.objc; path = PubService.m; sourceTree = "<group>"; };
		01183F3818838F65001B22B4 /* Pub.h */ = {isa = PBXFileReference; fileEncoding = 4; lastKnownFileType = sourcecode.c.h; path = Pub.h; sourceTree = "<group>"; };
		01183F3918838F65001B22B4 /* Pub.m */ = {isa = PBXFileReference; fileEncoding = 4; lastKnownFileType = sourcecode.c.objc; path = Pub.m; sourceTree = "<group>"; };
		01183F3B18839FAA001B22B4 /* MapKit.framework */ = {isa = PBXFileReference; lastKnownFileType = wrapper.framework; name = MapKit.framework; path = System/Library/Frameworks/MapKit.framework; sourceTree = SDKROOT; };
		011D71AA188B25F7009323CB /* SearchRadiusViewController.h */ = {isa = PBXFileReference; fileEncoding = 4; lastKnownFileType = sourcecode.c.h; path = SearchRadiusViewController.h; sourceTree = "<group>"; };
		011D71AB188B25F7009323CB /* SearchRadiusViewController.m */ = {isa = PBXFileReference; fileEncoding = 4; lastKnownFileType = sourcecode.c.objc; path = SearchRadiusViewController.m; sourceTree = "<group>"; };
		013F48E418B1D9F80083EE01 /* UIColor+SlurFish.h */ = {isa = PBXFileReference; fileEncoding = 4; lastKnownFileType = sourcecode.c.h; path = "UIColor+SlurFish.h"; sourceTree = "<group>"; };
		013F48E518B1D9F80083EE01 /* UIColor+SlurFish.m */ = {isa = PBXFileReference; fileEncoding = 4; lastKnownFileType = sourcecode.c.objc; path = "UIColor+SlurFish.m"; sourceTree = "<group>"; };
		013F48E718B1E48B0083EE01 /* backbutton.png */ = {isa = PBXFileReference; lastKnownFileType = image.png; path = backbutton.png; sourceTree = "<group>"; };
		013F48E918B1E7620083EE01 /* refreshbutton.png */ = {isa = PBXFileReference; lastKnownFileType = image.png; path = refreshbutton.png; sourceTree = "<group>"; };
		013F48F318B1F0990083EE01 /* SlurfishIcon_120.png */ = {isa = PBXFileReference; lastKnownFileType = image.png; path = SlurfishIcon_120.png; sourceTree = "<group>"; };
		013F48F518B1F1D20083EE01 /* SlurfishIcon_80.png */ = {isa = PBXFileReference; lastKnownFileType = image.png; path = SlurfishIcon_80.png; sourceTree = "<group>"; };
		013F48F718B1F20D0083EE01 /* SlurfishIcon_58.png */ = {isa = PBXFileReference; lastKnownFileType = image.png; path = SlurfishIcon_58.png; sourceTree = "<group>"; };
		0162BBBC188A23B600479DF1 /* ConfigurationManager.h */ = {isa = PBXFileReference; fileEncoding = 4; lastKnownFileType = sourcecode.c.h; path = ConfigurationManager.h; sourceTree = "<group>"; };
		0162BBBD188A23B600479DF1 /* ConfigurationManager.m */ = {isa = PBXFileReference; fileEncoding = 4; lastKnownFileType = sourcecode.c.objc; path = ConfigurationManager.m; sourceTree = "<group>"; };
		0165C89918B456A400B2AD73 /* libTestFlight.a */ = {isa = PBXFileReference; lastKnownFileType = archive.ar; path = libTestFlight.a; sourceTree = "<group>"; };
		0165C89A18B456A400B2AD73 /* TestFlight.h */ = {isa = PBXFileReference; fileEncoding = 4; lastKnownFileType = sourcecode.c.h; path = TestFlight.h; sourceTree = "<group>"; };
		0165C89B18B456A400B2AD73 /* TestFlight+AsyncLogging.h */ = {isa = PBXFileReference; fileEncoding = 4; lastKnownFileType = sourcecode.c.h; path = "TestFlight+AsyncLogging.h"; sourceTree = "<group>"; };
		0165C89C18B456A400B2AD73 /* TestFlight+ManualSessions.h */ = {isa = PBXFileReference; fileEncoding = 4; lastKnownFileType = sourcecode.c.h; path = "TestFlight+ManualSessions.h"; sourceTree = "<group>"; };
		0165C89E18B456D600B2AD73 /* libz.dylib */ = {isa = PBXFileReference; lastKnownFileType = "compiled.mach-o.dylib"; name = libz.dylib; path = usr/lib/libz.dylib; sourceTree = SDKROOT; };
		01673F9718A5DFFD0031659F /* Configuration.plist */ = {isa = PBXFileReference; fileEncoding = 4; lastKnownFileType = text.plist.xml; path = Configuration.plist; sourceTree = "<group>"; };
		01673F9A18A5E3110031659F /* SFPubMapOverlay.h */ = {isa = PBXFileReference; fileEncoding = 4; lastKnownFileType = sourcecode.c.h; path = SFPubMapOverlay.h; sourceTree = "<group>"; };
		01673F9B18A5E3110031659F /* SFPubMapOverlay.m */ = {isa = PBXFileReference; fileEncoding = 4; lastKnownFileType = sourcecode.c.objc; path = SFPubMapOverlay.m; sourceTree = "<group>"; };
		01673F9D18A5E9A80031659F /* SFPubLocation.h */ = {isa = PBXFileReference; fileEncoding = 4; lastKnownFileType = sourcecode.c.h; path = SFPubLocation.h; sourceTree = "<group>"; };
		01673F9E18A5E9A80031659F /* SFPubLocation.m */ = {isa = PBXFileReference; fileEncoding = 4; lastKnownFileType = sourcecode.c.objc; path = SFPubLocation.m; sourceTree = "<group>"; };
		01673FA118A5F5930031659F /* SFPubAnnotation.h */ = {isa = PBXFileReference; fileEncoding = 4; lastKnownFileType = sourcecode.c.h; path = SFPubAnnotation.h; sourceTree = "<group>"; };
		01673FA218A5F5930031659F /* SFPubAnnotation.m */ = {isa = PBXFileReference; fileEncoding = 4; lastKnownFileType = sourcecode.c.objc; path = SFPubAnnotation.m; sourceTree = "<group>"; };
		01A6C53E18B193F2008E024C /* NSNumber+SFMileConverstions.h */ = {isa = PBXFileReference; fileEncoding = 4; lastKnownFileType = sourcecode.c.h; path = "NSNumber+SFMileConverstions.h"; sourceTree = "<group>"; };
		01A6C53F18B193F2008E024C /* NSNumber+SFMileConverstions.m */ = {isa = PBXFileReference; fileEncoding = 4; lastKnownFileType = sourcecode.c.objc; path = "NSNumber+SFMileConverstions.m"; sourceTree = "<group>"; };
		01A6C54118B1A016008E024C /* PubMapAnnotation.png */ = {isa = PBXFileReference; lastKnownFileType = image.png; path = PubMapAnnotation.png; sourceTree = "<group>"; };
		01A6C54318B1B637008E024C /* PubProvider.h */ = {isa = PBXFileReference; lastKnownFileType = sourcecode.c.h; path = PubProvider.h; sourceTree = "<group>"; };
		01A6C54618B1C09B008E024C /* SlurFishSplash.png */ = {isa = PBXFileReference; lastKnownFileType = image.png; path = SlurFishSplash.png; sourceTree = "<group>"; };
		01FB56E818B290B500DE70BD /* phone.png */ = {isa = PBXFileReference; lastKnownFileType = image.png; path = phone.png; sourceTree = "<group>"; };
		01FB56EA18B298E300DE70BD /* SFPopOverViewController.h */ = {isa = PBXFileReference; fileEncoding = 4; lastKnownFileType = sourcecode.c.h; path = SFPopOverViewController.h; sourceTree = "<group>"; };
		01FB56EB18B298E300DE70BD /* SFPopOverViewController.m */ = {isa = PBXFileReference; fileEncoding = 4; lastKnownFileType = sourcecode.c.objc; path = SFPopOverViewController.m; sourceTree = "<group>"; };
		01FB56ED18B2A7B200DE70BD /* directions.png */ = {isa = PBXFileReference; lastKnownFileType = image.png; path = directions.png; sourceTree = "<group>"; };
		2C386944D3CA4B998D0AFEDA /* libPods.a */ = {isa = PBXFileReference; explicitFileType = archive.ar; includeInIndex = 0; path = libPods.a; sourceTree = BUILT_PRODUCTS_DIR; };
		50423F14F1B740A295ACBB6C /* Pods.xcconfig */ = {isa = PBXFileReference; includeInIndex = 1; lastKnownFileType = text.xcconfig; name = Pods.xcconfig; path = Pods/Pods.xcconfig; sourceTree = "<group>"; };
		91398F5448424BD09F622870 /* libPods-SlurFishTests.a */ = {isa = PBXFileReference; explicitFileType = archive.ar; includeInIndex = 0; path = "libPods-SlurFishTests.a"; sourceTree = BUILT_PRODUCTS_DIR; };
		ECE2084E77E04ECF9A0E9403 /* Pods-SlurFishTests.xcconfig */ = {isa = PBXFileReference; includeInIndex = 1; lastKnownFileType = text.xcconfig; name = "Pods-SlurFishTests.xcconfig"; path = "Pods/Pods-SlurFishTests.xcconfig"; sourceTree = "<group>"; };
/* End PBXFileReference section */

/* Begin PBXFrameworksBuildPhase section */
		01183EA518834394001B22B4 /* Frameworks */ = {
			isa = PBXFrameworksBuildPhase;
			buildActionMask = 2147483647;
			files = (
				0165C89F18B456D600B2AD73 /* libz.dylib in Frameworks */,
				01183F3C18839FAA001B22B4 /* MapKit.framework in Frameworks */,
				0165C89D18B456A400B2AD73 /* libTestFlight.a in Frameworks */,
				01183F0D18834F3B001B22B4 /* CoreLocation.framework in Frameworks */,
				01183EAE18834394001B22B4 /* CoreGraphics.framework in Frameworks */,
				01183EB018834394001B22B4 /* UIKit.framework in Frameworks */,
				01183EAC18834394001B22B4 /* Foundation.framework in Frameworks */,
				FDD6BF7ECCFA403589E80259 /* libPods.a in Frameworks */,
			);
			runOnlyForDeploymentPostprocessing = 0;
		};
		01183EC918834394001B22B4 /* Frameworks */ = {
			isa = PBXFrameworksBuildPhase;
			buildActionMask = 2147483647;
			files = (
				01183ECE18834394001B22B4 /* XCTest.framework in Frameworks */,
				01183ED018834394001B22B4 /* UIKit.framework in Frameworks */,
				01183ECF18834394001B22B4 /* Foundation.framework in Frameworks */,
				D72CAB3931674E758F6F52DC /* libPods-SlurFishTests.a in Frameworks */,
			);
			runOnlyForDeploymentPostprocessing = 0;
		};
/* End PBXFrameworksBuildPhase section */

/* Begin PBXGroup section */
		01183E9F18834394001B22B4 = {
			isa = PBXGroup;
			children = (
				01183EB118834394001B22B4 /* SlurFish */,
				01183ED318834394001B22B4 /* SlurFishTests */,
				01183EAA18834394001B22B4 /* Frameworks */,
				01183EA918834394001B22B4 /* Products */,
				50423F14F1B740A295ACBB6C /* Pods.xcconfig */,
				ECE2084E77E04ECF9A0E9403 /* Pods-SlurFishTests.xcconfig */,
			);
			sourceTree = "<group>";
		};
		01183EA918834394001B22B4 /* Products */ = {
			isa = PBXGroup;
			children = (
				01183EA818834394001B22B4 /* SlurFish.app */,
				01183ECC18834394001B22B4 /* SlurFishTests.xctest */,
			);
			name = Products;
			sourceTree = "<group>";
		};
		01183EAA18834394001B22B4 /* Frameworks */ = {
			isa = PBXGroup;
			children = (
				0165C89E18B456D600B2AD73 /* libz.dylib */,
				01183F3B18839FAA001B22B4 /* MapKit.framework */,
				01183F0C18834F3B001B22B4 /* CoreLocation.framework */,
				01183EAB18834394001B22B4 /* Foundation.framework */,
				01183EAD18834394001B22B4 /* CoreGraphics.framework */,
				01183EAF18834394001B22B4 /* UIKit.framework */,
				01183ECD18834394001B22B4 /* XCTest.framework */,
				2C386944D3CA4B998D0AFEDA /* libPods.a */,
				91398F5448424BD09F622870 /* libPods-SlurFishTests.a */,
			);
			name = Frameworks;
			sourceTree = "<group>";
		};
		01183EB118834394001B22B4 /* SlurFish */ = {
			isa = PBXGroup;
			children = (
				0165C89818B4568100B2AD73 /* TestFlight */,
				01A6C53B18B19240008E024C /* Categories */,
				01673FA018A5F56D0031659F /* Annotations */,
				01673F9918A5E2970031659F /* Overlays */,
				011D71AD188B27F7009323CB /* MapAnnotations */,
				0162BBBB188A238300479DF1 /* Configuration */,
				01183F0F18836917001B22B4 /* Model */,
				01183F0E1883690A001B22B4 /* Services */,
				01183F0818834D80001B22B4 /* Location */,
				01183EBA18834394001B22B4 /* AppDelegate.h */,
				01183EBB18834394001B22B4 /* AppDelegate.m */,
				01183EBD18834394001B22B4 /* Main.storyboard */,
				01183EC018834394001B22B4 /* PubListViewController.h */,
				01183EC118834394001B22B4 /* PubListViewController.m */,
				01183EC318834394001B22B4 /* PubMapViewController.h */,
				01183EC418834394001B22B4 /* PubMapViewController.m */,
				011D71AA188B25F7009323CB /* SearchRadiusViewController.h */,
				011D71AB188B25F7009323CB /* SearchRadiusViewController.m */,
				01183EC618834394001B22B4 /* Images.xcassets */,
				01183EB218834394001B22B4 /* Supporting Files */,
			);
			path = SlurFish;
			sourceTree = "<group>";
		};
		01183EB218834394001B22B4 /* Supporting Files */ = {
			isa = PBXGroup;
			children = (
				01FB56ED18B2A7B200DE70BD /* directions.png */,
				01FB56E818B290B500DE70BD /* phone.png */,
				013F48F718B1F20D0083EE01 /* SlurfishIcon_58.png */,
				013F48F518B1F1D20083EE01 /* SlurfishIcon_80.png */,
				013F48F318B1F0990083EE01 /* SlurfishIcon_120.png */,
				013F48E918B1E7620083EE01 /* refreshbutton.png */,
				013F48E718B1E48B0083EE01 /* backbutton.png */,
				01A6C54618B1C09B008E024C /* SlurFishSplash.png */,
				01A6C54118B1A016008E024C /* PubMapAnnotation.png */,
				01673F9718A5DFFD0031659F /* Configuration.plist */,
				01183EB318834394001B22B4 /* SlurFish-Info.plist */,
				01183EB418834394001B22B4 /* InfoPlist.strings */,
				01183EB718834394001B22B4 /* main.m */,
				01183EB918834394001B22B4 /* SlurFish-Prefix.pch */,
			);
			name = "Supporting Files";
			sourceTree = "<group>";
		};
		01183ED318834394001B22B4 /* SlurFishTests */ = {
			isa = PBXGroup;
			children = (
				01183ED918834394001B22B4 /* SlurFishTests.m */,
				01183ED418834394001B22B4 /* Supporting Files */,
			);
			path = SlurFishTests;
			sourceTree = "<group>";
		};
		01183ED418834394001B22B4 /* Supporting Files */ = {
			isa = PBXGroup;
			children = (
				01183ED518834394001B22B4 /* SlurFishTests-Info.plist */,
				01183ED618834394001B22B4 /* InfoPlist.strings */,
			);
			name = "Supporting Files";
			sourceTree = "<group>";
		};
		01183F0818834D80001B22B4 /* Location */ = {
			isa = PBXGroup;
			children = (
				01183F0918834DA8001B22B4 /* LocationProvider.h */,
				01183F0A18834DA8001B22B4 /* LocationProvider.m */,
			);
			name = Location;
			sourceTree = "<group>";
		};
		01183F0E1883690A001B22B4 /* Services */ = {
			isa = PBXGroup;
			children = (
				01183F3118837290001B22B4 /* PubService.h */,
				01183F3218837290001B22B4 /* PubService.m */,
			);
			name = Services;
			sourceTree = "<group>";
		};
		01183F0F18836917001B22B4 /* Model */ = {
			isa = PBXGroup;
			children = (
				01183F10188369AC001B22B4 /* PubRepository.h */,
				01183F11188369AC001B22B4 /* PubRepository.m */,
				01183F3818838F65001B22B4 /* Pub.h */,
				01183F3918838F65001B22B4 /* Pub.m */,
				01673F9D18A5E9A80031659F /* SFPubLocation.h */,
				01673F9E18A5E9A80031659F /* SFPubLocation.m */,
				01A6C54318B1B637008E024C /* PubProvider.h */,
			);
			name = Model;
			sourceTree = "<group>";
		};
		011D71AD188B27F7009323CB /* MapAnnotations */ = {
			isa = PBXGroup;
			children = (
			);
			name = MapAnnotations;
			sourceTree = "<group>";
		};
		0162BBBB188A238300479DF1 /* Configuration */ = {
			isa = PBXGroup;
			children = (
				0162BBBC188A23B600479DF1 /* ConfigurationManager.h */,
				0162BBBD188A23B600479DF1 /* ConfigurationManager.m */,
			);
			name = Configuration;
			sourceTree = "<group>";
		};
		0165C89818B4568100B2AD73 /* TestFlight */ = {
			isa = PBXGroup;
			children = (
				0165C89918B456A400B2AD73 /* libTestFlight.a */,
				0165C89A18B456A400B2AD73 /* TestFlight.h */,
				0165C89B18B456A400B2AD73 /* TestFlight+AsyncLogging.h */,
				0165C89C18B456A400B2AD73 /* TestFlight+ManualSessions.h */,
			);
			name = TestFlight;
			sourceTree = "<group>";
		};
		01673F9918A5E2970031659F /* Overlays */ = {
			isa = PBXGroup;
			children = (
				01673F9A18A5E3110031659F /* SFPubMapOverlay.h */,
				01673F9B18A5E3110031659F /* SFPubMapOverlay.m */,
			);
			name = Overlays;
			sourceTree = "<group>";
		};
		01673FA018A5F56D0031659F /* Annotations */ = {
			isa = PBXGroup;
			children = (
				01673FA118A5F5930031659F /* SFPubAnnotation.h */,
				01673FA218A5F5930031659F /* SFPubAnnotation.m */,
				01FB56EA18B298E300DE70BD /* SFPopOverViewController.h */,
				01FB56EB18B298E300DE70BD /* SFPopOverViewController.m */,
			);
			name = Annotations;
			sourceTree = "<group>";
		};
		01A6C53B18B19240008E024C /* Categories */ = {
			isa = PBXGroup;
			children = (
				01A6C53E18B193F2008E024C /* NSNumber+SFMileConverstions.h */,
				01A6C53F18B193F2008E024C /* NSNumber+SFMileConverstions.m */,
				013F48E418B1D9F80083EE01 /* UIColor+SlurFish.h */,
				013F48E518B1D9F80083EE01 /* UIColor+SlurFish.m */,
			);
			name = Categories;
			sourceTree = "<group>";
		};
/* End PBXGroup section */

/* Begin PBXNativeTarget section */
		01183EA718834394001B22B4 /* SlurFish */ = {
			isa = PBXNativeTarget;
			buildConfigurationList = 01183EDD18834394001B22B4 /* Build configuration list for PBXNativeTarget "SlurFish" */;
			buildPhases = (
				4191E20A95724A678D7AA181 /* Check Pods Manifest.lock */,
				01183EA418834394001B22B4 /* Sources */,
				01183EA518834394001B22B4 /* Frameworks */,
				01183EA618834394001B22B4 /* Resources */,
				561C3652AD994ACB85F377F6 /* Copy Pods Resources */,
			);
			buildRules = (
			);
			dependencies = (
			);
			name = SlurFish;
			productName = SlurFish;
			productReference = 01183EA818834394001B22B4 /* SlurFish.app */;
			productType = "com.apple.product-type.application";
		};
		01183ECB18834394001B22B4 /* SlurFishTests */ = {
			isa = PBXNativeTarget;
			buildConfigurationList = 01183EE018834394001B22B4 /* Build configuration list for PBXNativeTarget "SlurFishTests" */;
			buildPhases = (
				9330B02050624A7DA0BBAC1A /* Check Pods Manifest.lock */,
				01183EC818834394001B22B4 /* Sources */,
				01183EC918834394001B22B4 /* Frameworks */,
				01183ECA18834394001B22B4 /* Resources */,
				646ACF72B9824B669BFF109B /* Copy Pods Resources */,
			);
			buildRules = (
			);
			dependencies = (
				01183ED218834394001B22B4 /* PBXTargetDependency */,
			);
			name = SlurFishTests;
			productName = SlurFishTests;
			productReference = 01183ECC18834394001B22B4 /* SlurFishTests.xctest */;
			productType = "com.apple.product-type.bundle.unit-test";
		};
/* End PBXNativeTarget section */

/* Begin PBXProject section */
		01183EA018834394001B22B4 /* Project object */ = {
			isa = PBXProject;
			attributes = {
				LastUpgradeCheck = 0500;
				ORGANIZATIONNAME = org.monkeyman;
				TargetAttributes = {
					01183EA718834394001B22B4 = {
						DevelopmentTeam = CPD56F56QP;
					};
					01183ECB18834394001B22B4 = {
						TestTargetID = 01183EA718834394001B22B4;
					};
				};
			};
			buildConfigurationList = 01183EA318834394001B22B4 /* Build configuration list for PBXProject "SlurFish" */;
			compatibilityVersion = "Xcode 3.2";
			developmentRegion = English;
			hasScannedForEncodings = 0;
			knownRegions = (
				en,
				Base,
			);
			mainGroup = 01183E9F18834394001B22B4;
			productRefGroup = 01183EA918834394001B22B4 /* Products */;
			projectDirPath = "";
			projectRoot = "";
			targets = (
				01183EA718834394001B22B4 /* SlurFish */,
				01183ECB18834394001B22B4 /* SlurFishTests */,
			);
		};
/* End PBXProject section */

/* Begin PBXResourcesBuildPhase section */
		01183EA618834394001B22B4 /* Resources */ = {
			isa = PBXResourcesBuildPhase;
			buildActionMask = 2147483647;
			files = (
				013F48F618B1F1D20083EE01 /* SlurfishIcon_80.png in Resources */,
				013F48F818B1F20D0083EE01 /* SlurfishIcon_58.png in Resources */,
				01FB56E918B290B500DE70BD /* phone.png in Resources */,
				01183EC718834394001B22B4 /* Images.xcassets in Resources */,
				01183EB618834394001B22B4 /* InfoPlist.strings in Resources */,
				013F48F418B1F0990083EE01 /* SlurfishIcon_120.png in Resources */,
				01FB56EE18B2A7B200DE70BD /* directions.png in Resources */,
				013F48EA18B1E7620083EE01 /* refreshbutton.png in Resources */,
				01673F9818A5DFFD0031659F /* Configuration.plist in Resources */,
				01183EBF18834394001B22B4 /* Main.storyboard in Resources */,
				013F48E818B1E48B0083EE01 /* backbutton.png in Resources */,
				01A6C54218B1A016008E024C /* PubMapAnnotation.png in Resources */,
				01A6C54718B1C09B008E024C /* SlurFishSplash.png in Resources */,
			);
			runOnlyForDeploymentPostprocessing = 0;
		};
		01183ECA18834394001B22B4 /* Resources */ = {
			isa = PBXResourcesBuildPhase;
			buildActionMask = 2147483647;
			files = (
				01183ED818834394001B22B4 /* InfoPlist.strings in Resources */,
			);
			runOnlyForDeploymentPostprocessing = 0;
		};
/* End PBXResourcesBuildPhase section */

/* Begin PBXShellScriptBuildPhase section */
		4191E20A95724A678D7AA181 /* Check Pods Manifest.lock */ = {
			isa = PBXShellScriptBuildPhase;
			buildActionMask = 2147483647;
			files = (
			);
			inputPaths = (
			);
			name = "Check Pods Manifest.lock";
			outputPaths = (
			);
			runOnlyForDeploymentPostprocessing = 0;
			shellPath = /bin/sh;
			shellScript = "diff \"${PODS_ROOT}/../Podfile.lock\" \"${PODS_ROOT}/Manifest.lock\" > /dev/null\nif [[ $? != 0 ]] ; then\n    cat << EOM\nerror: The sandbox is not in sync with the Podfile.lock. Run 'pod install' or update your CocoaPods installation.\nEOM\n    exit 1\nfi\n";
			showEnvVarsInLog = 0;
		};
		561C3652AD994ACB85F377F6 /* Copy Pods Resources */ = {
			isa = PBXShellScriptBuildPhase;
			buildActionMask = 2147483647;
			files = (
			);
			inputPaths = (
			);
			name = "Copy Pods Resources";
			outputPaths = (
			);
			runOnlyForDeploymentPostprocessing = 0;
			shellPath = /bin/sh;
			shellScript = "\"${SRCROOT}/Pods/Pods-resources.sh\"\n";
			showEnvVarsInLog = 0;
		};
		646ACF72B9824B669BFF109B /* Copy Pods Resources */ = {
			isa = PBXShellScriptBuildPhase;
			buildActionMask = 2147483647;
			files = (
			);
			inputPaths = (
			);
			name = "Copy Pods Resources";
			outputPaths = (
			);
			runOnlyForDeploymentPostprocessing = 0;
			shellPath = /bin/sh;
			shellScript = "\"${SRCROOT}/Pods/Pods-SlurFishTests-resources.sh\"\n";
			showEnvVarsInLog = 0;
		};
		9330B02050624A7DA0BBAC1A /* Check Pods Manifest.lock */ = {
			isa = PBXShellScriptBuildPhase;
			buildActionMask = 2147483647;
			files = (
			);
			inputPaths = (
			);
			name = "Check Pods Manifest.lock";
			outputPaths = (
			);
			runOnlyForDeploymentPostprocessing = 0;
			shellPath = /bin/sh;
			shellScript = "diff \"${PODS_ROOT}/../Podfile.lock\" \"${PODS_ROOT}/Manifest.lock\" > /dev/null\nif [[ $? != 0 ]] ; then\n    cat << EOM\nerror: The sandbox is not in sync with the Podfile.lock. Run 'pod install' or update your CocoaPods installation.\nEOM\n    exit 1\nfi\n";
			showEnvVarsInLog = 0;
		};
/* End PBXShellScriptBuildPhase section */

/* Begin PBXSourcesBuildPhase section */
		01183EA418834394001B22B4 /* Sources */ = {
			isa = PBXSourcesBuildPhase;
			buildActionMask = 2147483647;
			files = (
				01183F12188369AC001B22B4 /* PubRepository.m in Sources */,
				01183EBC18834394001B22B4 /* AppDelegate.m in Sources */,
				01183F0B18834DA8001B22B4 /* LocationProvider.m in Sources */,
				011D71AC188B25F7009323CB /* SearchRadiusViewController.m in Sources */,
				01183EC218834394001B22B4 /* PubListViewController.m in Sources */,
				0162BBBE188A23B600479DF1 /* ConfigurationManager.m in Sources */,
				01183EB818834394001B22B4 /* main.m in Sources */,
				01FB56EC18B298E300DE70BD /* SFPopOverViewController.m in Sources */,
				01183EC518834394001B22B4 /* PubMapViewController.m in Sources */,
				01673F9C18A5E3110031659F /* SFPubMapOverlay.m in Sources */,
				01673FA318A5F5930031659F /* SFPubAnnotation.m in Sources */,
				01183F3A18838F65001B22B4 /* Pub.m in Sources */,
				01673F9F18A5E9A80031659F /* SFPubLocation.m in Sources */,
				013F48E618B1D9F80083EE01 /* UIColor+SlurFish.m in Sources */,
				01183F3318837290001B22B4 /* PubService.m in Sources */,
				01A6C54018B193F2008E024C /* NSNumber+SFMileConverstions.m in Sources */,
			);
			runOnlyForDeploymentPostprocessing = 0;
		};
		01183EC818834394001B22B4 /* Sources */ = {
			isa = PBXSourcesBuildPhase;
			buildActionMask = 2147483647;
			files = (
				01183EDA18834394001B22B4 /* SlurFishTests.m in Sources */,
			);
			runOnlyForDeploymentPostprocessing = 0;
		};
/* End PBXSourcesBuildPhase section */

/* Begin PBXTargetDependency section */
		01183ED218834394001B22B4 /* PBXTargetDependency */ = {
			isa = PBXTargetDependency;
			target = 01183EA718834394001B22B4 /* SlurFish */;
			targetProxy = 01183ED118834394001B22B4 /* PBXContainerItemProxy */;
		};
/* End PBXTargetDependency section */

/* Begin PBXVariantGroup section */
		01183EB418834394001B22B4 /* InfoPlist.strings */ = {
			isa = PBXVariantGroup;
			children = (
				01183EB518834394001B22B4 /* en */,
			);
			name = InfoPlist.strings;
			sourceTree = "<group>";
		};
		01183EBD18834394001B22B4 /* Main.storyboard */ = {
			isa = PBXVariantGroup;
			children = (
				01183EBE18834394001B22B4 /* Base */,
			);
			name = Main.storyboard;
			sourceTree = "<group>";
		};
		01183ED618834394001B22B4 /* InfoPlist.strings */ = {
			isa = PBXVariantGroup;
			children = (
				01183ED718834394001B22B4 /* en */,
			);
			name = InfoPlist.strings;
			sourceTree = "<group>";
		};
/* End PBXVariantGroup section */

/* Begin XCBuildConfiguration section */
		01183EDB18834394001B22B4 /* Debug */ = {
			isa = XCBuildConfiguration;
			buildSettings = {
				ALWAYS_SEARCH_USER_PATHS = NO;
				ARCHS = "$(ARCHS_STANDARD_INCLUDING_64_BIT)";
				CLANG_CXX_LANGUAGE_STANDARD = "gnu++0x";
				CLANG_CXX_LIBRARY = "libc++";
				CLANG_ENABLE_MODULES = YES;
				CLANG_ENABLE_OBJC_ARC = YES;
				CLANG_WARN_BOOL_CONVERSION = YES;
				CLANG_WARN_CONSTANT_CONVERSION = YES;
				CLANG_WARN_DIRECT_OBJC_ISA_USAGE = YES_ERROR;
				CLANG_WARN_EMPTY_BODY = YES;
				CLANG_WARN_ENUM_CONVERSION = YES;
				CLANG_WARN_INT_CONVERSION = YES;
				CLANG_WARN_OBJC_ROOT_CLASS = YES_ERROR;
				CLANG_WARN__DUPLICATE_METHOD_MATCH = YES;
				"CODE_SIGN_IDENTITY[sdk=iphoneos*]" = "iPhone Developer";
				COPY_PHASE_STRIP = NO;
				GCC_C_LANGUAGE_STANDARD = gnu99;
				GCC_DYNAMIC_NO_PIC = NO;
				GCC_OPTIMIZATION_LEVEL = 0;
				GCC_PREPROCESSOR_DEFINITIONS = (
					"DEBUG=1",
					"$(inherited)",
				);
				GCC_SYMBOLS_PRIVATE_EXTERN = NO;
				GCC_WARN_64_TO_32_BIT_CONVERSION = YES;
				GCC_WARN_ABOUT_RETURN_TYPE = YES_ERROR;
				GCC_WARN_UNDECLARED_SELECTOR = YES;
				GCC_WARN_UNINITIALIZED_AUTOS = YES;
				GCC_WARN_UNUSED_FUNCTION = YES;
				GCC_WARN_UNUSED_VARIABLE = YES;
				IPHONEOS_DEPLOYMENT_TARGET = 7.0;
				ONLY_ACTIVE_ARCH = YES;
				SDKROOT = iphoneos;
			};
			name = Debug;
		};
		01183EDC18834394001B22B4 /* Release */ = {
			isa = XCBuildConfiguration;
			buildSettings = {
				ALWAYS_SEARCH_USER_PATHS = NO;
				ARCHS = "$(ARCHS_STANDARD_INCLUDING_64_BIT)";
				CLANG_CXX_LANGUAGE_STANDARD = "gnu++0x";
				CLANG_CXX_LIBRARY = "libc++";
				CLANG_ENABLE_MODULES = YES;
				CLANG_ENABLE_OBJC_ARC = YES;
				CLANG_WARN_BOOL_CONVERSION = YES;
				CLANG_WARN_CONSTANT_CONVERSION = YES;
				CLANG_WARN_DIRECT_OBJC_ISA_USAGE = YES_ERROR;
				CLANG_WARN_EMPTY_BODY = YES;
				CLANG_WARN_ENUM_CONVERSION = YES;
				CLANG_WARN_INT_CONVERSION = YES;
				CLANG_WARN_OBJC_ROOT_CLASS = YES_ERROR;
				CLANG_WARN__DUPLICATE_METHOD_MATCH = YES;
				"CODE_SIGN_IDENTITY[sdk=iphoneos*]" = "iPhone Developer";
				COPY_PHASE_STRIP = YES;
				ENABLE_NS_ASSERTIONS = NO;
				GCC_C_LANGUAGE_STANDARD = gnu99;
				GCC_WARN_64_TO_32_BIT_CONVERSION = YES;
				GCC_WARN_ABOUT_RETURN_TYPE = YES_ERROR;
				GCC_WARN_UNDECLARED_SELECTOR = YES;
				GCC_WARN_UNINITIALIZED_AUTOS = YES;
				GCC_WARN_UNUSED_FUNCTION = YES;
				GCC_WARN_UNUSED_VARIABLE = YES;
				IPHONEOS_DEPLOYMENT_TARGET = 7.0;
				SDKROOT = iphoneos;
				VALIDATE_PRODUCT = YES;
			};
			name = Release;
		};
		01183EDE18834394001B22B4 /* Debug */ = {
			isa = XCBuildConfiguration;
			baseConfigurationReference = 50423F14F1B740A295ACBB6C /* Pods.xcconfig */;
			buildSettings = {
				ASSETCATALOG_COMPILER_LAUNCHIMAGE_NAME = LaunchImage;
				CODE_SIGN_IDENTITY = "iPhone Developer";
				"CODE_SIGN_IDENTITY[sdk=iphoneos*]" = "iPhone Developer";
				GCC_PRECOMPILE_PREFIX_HEADER = YES;
				GCC_PREFIX_HEADER = "SlurFish/SlurFish-Prefix.pch";
				INFOPLIST_FILE = "SlurFish/SlurFish-Info.plist";
				LIBRARY_SEARCH_PATHS = (
					"$(inherited)",
					/Users/Nick/ios/slurfish/SlurFish/SlurFish,
				);
				ONLY_ACTIVE_ARCH = YES;
				PRODUCT_NAME = "$(TARGET_NAME)";
				PROVISIONING_PROFILE = "80B861A0-5519-4850-9403-AD1CDAB56BE7";
				WRAPPER_EXTENSION = app;
			};
			name = Debug;
		};
		01183EDF18834394001B22B4 /* Release */ = {
			isa = XCBuildConfiguration;
			baseConfigurationReference = 50423F14F1B740A295ACBB6C /* Pods.xcconfig */;
			buildSettings = {
				ASSETCATALOG_COMPILER_LAUNCHIMAGE_NAME = LaunchImage;
				CODE_SIGN_IDENTITY = "iPhone Distribution: Nick Martin (CPD56F56QP)";
				"CODE_SIGN_IDENTITY[sdk=iphoneos*]" = "iPhone Distribution: Nick Martin (CPD56F56QP)";
				GCC_PRECOMPILE_PREFIX_HEADER = YES;
				GCC_PREFIX_HEADER = "SlurFish/SlurFish-Prefix.pch";
				INFOPLIST_FILE = "SlurFish/SlurFish-Info.plist";
				LIBRARY_SEARCH_PATHS = (
					"$(inherited)",
					/Users/Nick/ios/slurfish/SlurFish/SlurFish,
				);
				ONLY_ACTIVE_ARCH = YES;
				PRODUCT_NAME = "$(TARGET_NAME)";
				PROVISIONING_PROFILE = "16F7C9B6-92BA-4B5B-9CD4-7B9547894376";
				WRAPPER_EXTENSION = app;
			};
			name = Release;
		};
		01183EE118834394001B22B4 /* Debug */ = {
			isa = XCBuildConfiguration;
			baseConfigurationReference = ECE2084E77E04ECF9A0E9403 /* Pods-SlurFishTests.xcconfig */;
			buildSettings = {
				ARCHS = "$(ARCHS_STANDARD_INCLUDING_64_BIT)";
				BUNDLE_LOADER = "$(BUILT_PRODUCTS_DIR)/SlurFish.app/SlurFish";
				FRAMEWORK_SEARCH_PATHS = (
					"$(SDKROOT)/Developer/Library/Frameworks",
					"$(inherited)",
					"$(DEVELOPER_FRAMEWORKS_DIR)",
				);
				GCC_PRECOMPILE_PREFIX_HEADER = YES;
				GCC_PREFIX_HEADER = "SlurFish/SlurFish-Prefix.pch";
				GCC_PREPROCESSOR_DEFINITIONS = (
					"DEBUG=1",
					"$(inherited)",
				);
				INFOPLIST_FILE = "SlurFishTests/SlurFishTests-Info.plist";
				PRODUCT_NAME = "$(TARGET_NAME)";
				TEST_HOST = "$(BUNDLE_LOADER)";
				WRAPPER_EXTENSION = xctest;
			};
			name = Debug;
		};
		01183EE218834394001B22B4 /* Release */ = {
			isa = XCBuildConfiguration;
			baseConfigurationReference = ECE2084E77E04ECF9A0E9403 /* Pods-SlurFishTests.xcconfig */;
			buildSettings = {
				ARCHS = "$(ARCHS_STANDARD_INCLUDING_64_BIT)";
				BUNDLE_LOADER = "$(BUILT_PRODUCTS_DIR)/SlurFish.app/SlurFish";
				FRAMEWORK_SEARCH_PATHS = (
					"$(SDKROOT)/Developer/Library/Frameworks",
					"$(inherited)",
					"$(DEVELOPER_FRAMEWORKS_DIR)",
				);
				GCC_PRECOMPILE_PREFIX_HEADER = YES;
				GCC_PREFIX_HEADER = "SlurFish/SlurFish-Prefix.pch";
				INFOPLIST_FILE = "SlurFishTests/SlurFishTests-Info.plist";
				PRODUCT_NAME = "$(TARGET_NAME)";
				TEST_HOST = "$(BUNDLE_LOADER)";
				WRAPPER_EXTENSION = xctest;
			};
			name = Release;
		};
/* End XCBuildConfiguration section */

/* Begin XCConfigurationList section */
		01183EA318834394001B22B4 /* Build configuration list for PBXProject "SlurFish" */ = {
			isa = XCConfigurationList;
			buildConfigurations = (
				01183EDB18834394001B22B4 /* Debug */,
				01183EDC18834394001B22B4 /* Release */,
			);
			defaultConfigurationIsVisible = 0;
			defaultConfigurationName = Release;
		};
		01183EDD18834394001B22B4 /* Build configuration list for PBXNativeTarget "SlurFish" */ = {
			isa = XCConfigurationList;
			buildConfigurations = (
				01183EDE18834394001B22B4 /* Debug */,
				01183EDF18834394001B22B4 /* Release */,
			);
			defaultConfigurationIsVisible = 0;
			defaultConfigurationName = Release;
		};
		01183EE018834394001B22B4 /* Build configuration list for PBXNativeTarget "SlurFishTests" */ = {
			isa = XCConfigurationList;
			buildConfigurations = (
				01183EE118834394001B22B4 /* Debug */,
				01183EE218834394001B22B4 /* Release */,
			);
			defaultConfigurationIsVisible = 0;
			defaultConfigurationName = Release;
		};
/* End XCConfigurationList section */
	};
	rootObject = 01183EA018834394001B22B4 /* Project object */;
}
